// !$*UTF8*$!
{
	archiveVersion = 1;
	classes = {
	};
	objectVersion = 52;
	objects = {

/* Begin PBXBuildFile section */
		6D9FDEBE23C7B23A00B7036B /* AppDelegate.swift in Sources */ = {isa = PBXBuildFile; fileRef = 6D9FDEBD23C7B23A00B7036B /* AppDelegate.swift */; };
		6D9FDEC023C7B23A00B7036B /* SceneDelegate.swift in Sources */ = {isa = PBXBuildFile; fileRef = 6D9FDEBF23C7B23A00B7036B /* SceneDelegate.swift */; };
		6D9FDEC223C7B23A00B7036B /* ViewController.swift in Sources */ = {isa = PBXBuildFile; fileRef = 6D9FDEC123C7B23A00B7036B /* ViewController.swift */; };
		6D9FDEC523C7B23A00B7036B /* Main.storyboard in Resources */ = {isa = PBXBuildFile; fileRef = 6D9FDEC323C7B23A00B7036B /* Main.storyboard */; };
		6D9FDEC723C7B23C00B7036B /* Assets.xcassets in Resources */ = {isa = PBXBuildFile; fileRef = 6D9FDEC623C7B23C00B7036B /* Assets.xcassets */; };
		6D9FDECA23C7B23C00B7036B /* LaunchScreen.storyboard in Resources */ = {isa = PBXBuildFile; fileRef = 6D9FDEC823C7B23C00B7036B /* LaunchScreen.storyboard */; };
		6D9FDEDC23C7BDDF00B7036B /* UDPBroadcastConnectionError.swift in Sources */ = {isa = PBXBuildFile; fileRef = 6D9FDEDA23C7BDDF00B7036B /* UDPBroadcastConnectionError.swift */; };
		6D9FDEDD23C7BDDF00B7036B /* UDPBroadcastConnection.swift in Sources */ = {isa = PBXBuildFile; fileRef = 6D9FDEDB23C7BDDF00B7036B /* UDPBroadcastConnection.swift */; };
		6D9FDEDF23C7C36E00B7036B /* API.swift in Sources */ = {isa = PBXBuildFile; fileRef = 6D9FDEDE23C7C36E00B7036B /* API.swift */; };
		6D9FDEE223C7C87200B7036B /* SwiftHash in Frameworks */ = {isa = PBXBuildFile; productRef = 6D9FDEE123C7C87200B7036B /* SwiftHash */; };
		6D9FDEE523C7D59C00B7036B /* SDWebImage in Frameworks */ = {isa = PBXBuildFile; productRef = 6D9FDEE423C7D59C00B7036B /* SDWebImage */; };
/* End PBXBuildFile section */

/* Begin PBXFileReference section */
		6D9FDEBA23C7B23A00B7036B /* testApp.app */ = {isa = PBXFileReference; explicitFileType = wrapper.application; includeInIndex = 0; path = testApp.app; sourceTree = BUILT_PRODUCTS_DIR; };
		6D9FDEBD23C7B23A00B7036B /* AppDelegate.swift */ = {isa = PBXFileReference; lastKnownFileType = sourcecode.swift; path = AppDelegate.swift; sourceTree = "<group>"; };
		6D9FDEBF23C7B23A00B7036B /* SceneDelegate.swift */ = {isa = PBXFileReference; lastKnownFileType = sourcecode.swift; path = SceneDelegate.swift; sourceTree = "<group>"; };
		6D9FDEC123C7B23A00B7036B /* ViewController.swift */ = {isa = PBXFileReference; lastKnownFileType = sourcecode.swift; path = ViewController.swift; sourceTree = "<group>"; };
		6D9FDEC423C7B23A00B7036B /* Base */ = {isa = PBXFileReference; lastKnownFileType = file.storyboard; name = Base; path = Base.lproj/Main.storyboard; sourceTree = "<group>"; };
		6D9FDEC623C7B23C00B7036B /* Assets.xcassets */ = {isa = PBXFileReference; lastKnownFileType = folder.assetcatalog; path = Assets.xcassets; sourceTree = "<group>"; };
		6D9FDEC923C7B23C00B7036B /* Base */ = {isa = PBXFileReference; lastKnownFileType = file.storyboard; name = Base; path = Base.lproj/LaunchScreen.storyboard; sourceTree = "<group>"; };
		6D9FDECB23C7B23C00B7036B /* Info.plist */ = {isa = PBXFileReference; lastKnownFileType = text.plist.xml; path = Info.plist; sourceTree = "<group>"; };
		6D9FDEDA23C7BDDF00B7036B /* UDPBroadcastConnectionError.swift */ = {isa = PBXFileReference; fileEncoding = 4; lastKnownFileType = sourcecode.swift; path = UDPBroadcastConnectionError.swift; sourceTree = "<group>"; };
		6D9FDEDB23C7BDDF00B7036B /* UDPBroadcastConnection.swift */ = {isa = PBXFileReference; fileEncoding = 4; lastKnownFileType = sourcecode.swift; path = UDPBroadcastConnection.swift; sourceTree = "<group>"; };
		6D9FDEDE23C7C36E00B7036B /* API.swift */ = {isa = PBXFileReference; lastKnownFileType = sourcecode.swift; path = API.swift; sourceTree = "<group>"; };
/* End PBXFileReference section */

/* Begin PBXFrameworksBuildPhase section */
		6D9FDEB723C7B23A00B7036B /* Frameworks */ = {
			isa = PBXFrameworksBuildPhase;
			buildActionMask = 2147483647;
			files = (
				6D9FDEE523C7D59C00B7036B /* SDWebImage in Frameworks */,
				6D9FDEE223C7C87200B7036B /* SwiftHash in Frameworks */,
			);
			runOnlyForDeploymentPostprocessing = 0;
		};
/* End PBXFrameworksBuildPhase section */

/* Begin PBXGroup section */
		6D9FDEB123C7B23A00B7036B = {
			isa = PBXGroup;
			children = (
				6D9FDEBC23C7B23A00B7036B /* testApp */,
				6D9FDEBB23C7B23A00B7036B /* Products */,
			);
			sourceTree = "<group>";
		};
		6D9FDEBB23C7B23A00B7036B /* Products */ = {
			isa = PBXGroup;
			children = (
				6D9FDEBA23C7B23A00B7036B /* testApp.app */,
			);
			name = Products;
			sourceTree = "<group>";
		};
		6D9FDEBC23C7B23A00B7036B /* testApp */ = {
			isa = PBXGroup;
			children = (
				6D9FDED223C7B24600B7036B /* Framework */,
				6D9FDED123C7B24000B7036B /* Screens */,
				6D9FDEBD23C7B23A00B7036B /* AppDelegate.swift */,
				6D9FDEBF23C7B23A00B7036B /* SceneDelegate.swift */,
				6D9FDEC323C7B23A00B7036B /* Main.storyboard */,
				6D9FDEC623C7B23C00B7036B /* Assets.xcassets */,
				6D9FDEC823C7B23C00B7036B /* LaunchScreen.storyboard */,
				6D9FDECB23C7B23C00B7036B /* Info.plist */,
			);
			path = testApp;
			sourceTree = "<group>";
		};
		6D9FDED123C7B24000B7036B /* Screens */ = {
			isa = PBXGroup;
			children = (
				6D9FDEC123C7B23A00B7036B /* ViewController.swift */,
			);
			path = Screens;
			sourceTree = "<group>";
		};
		6D9FDED223C7B24600B7036B /* Framework */ = {
			isa = PBXGroup;
			children = (
				6D9FDED923C7BDDF00B7036B /* UDPBroadcast */,
				6D9FDEDE23C7C36E00B7036B /* API.swift */,
			);
			path = Framework;
			sourceTree = "<group>";
		};
		6D9FDED923C7BDDF00B7036B /* UDPBroadcast */ = {
			isa = PBXGroup;
			children = (
				6D9FDEDA23C7BDDF00B7036B /* UDPBroadcastConnectionError.swift */,
				6D9FDEDB23C7BDDF00B7036B /* UDPBroadcastConnection.swift */,
			);
			path = UDPBroadcast;
			sourceTree = "<group>";
		};
/* End PBXGroup section */

/* Begin PBXNativeTarget section */
		6D9FDEB923C7B23A00B7036B /* testApp */ = {
			isa = PBXNativeTarget;
			buildConfigurationList = 6D9FDECE23C7B23C00B7036B /* Build configuration list for PBXNativeTarget "testApp" */;
			buildPhases = (
				6D9FDEB623C7B23A00B7036B /* Sources */,
				6D9FDEB723C7B23A00B7036B /* Frameworks */,
				6D9FDEB823C7B23A00B7036B /* Resources */,
			);
			buildRules = (
			);
			dependencies = (
			);
			name = testApp;
			packageProductDependencies = (
				6D9FDEE123C7C87200B7036B /* SwiftHash */,
				6D9FDEE423C7D59C00B7036B /* SDWebImage */,
			);
			productName = testApp;
			productReference = 6D9FDEBA23C7B23A00B7036B /* testApp.app */;
			productType = "com.apple.product-type.application";
		};
/* End PBXNativeTarget section */

/* Begin PBXProject section */
		6D9FDEB223C7B23A00B7036B /* Project object */ = {
			isa = PBXProject;
			attributes = {
				LastSwiftUpdateCheck = 1130;
				LastUpgradeCheck = 1130;
				ORGANIZATIONNAME = "Bosko Petreski";
				TargetAttributes = {
					6D9FDEB923C7B23A00B7036B = {
						CreatedOnToolsVersion = 11.3;
					};
				};
			};
			buildConfigurationList = 6D9FDEB523C7B23A00B7036B /* Build configuration list for PBXProject "testApp" */;
			compatibilityVersion = "Xcode 9.3";
			developmentRegion = en;
			hasScannedForEncodings = 0;
			knownRegions = (
				en,
				Base,
			);
			mainGroup = 6D9FDEB123C7B23A00B7036B;
			packageReferences = (
				6D9FDEE023C7C87200B7036B /* XCRemoteSwiftPackageReference "SwiftHash" */,
				6D9FDEE323C7D59C00B7036B /* XCRemoteSwiftPackageReference "SDWebImage" */,
			);
			productRefGroup = 6D9FDEBB23C7B23A00B7036B /* Products */;
			projectDirPath = "";
			projectRoot = "";
			targets = (
				6D9FDEB923C7B23A00B7036B /* testApp */,
			);
		};
/* End PBXProject section */

/* Begin PBXResourcesBuildPhase section */
		6D9FDEB823C7B23A00B7036B /* Resources */ = {
			isa = PBXResourcesBuildPhase;
			buildActionMask = 2147483647;
			files = (
				6D9FDECA23C7B23C00B7036B /* LaunchScreen.storyboard in Resources */,
				6D9FDEC723C7B23C00B7036B /* Assets.xcassets in Resources */,
				6D9FDEC523C7B23A00B7036B /* Main.storyboard in Resources */,
			);
			runOnlyForDeploymentPostprocessing = 0;
		};
/* End PBXResourcesBuildPhase section */

/* Begin PBXSourcesBuildPhase section */
		6D9FDEB623C7B23A00B7036B /* Sources */ = {
			isa = PBXSourcesBuildPhase;
			buildActionMask = 2147483647;
			files = (
				6D9FDEC223C7B23A00B7036B /* ViewController.swift in Sources */,
				6D9FDEBE23C7B23A00B7036B /* AppDelegate.swift in Sources */,
				6D9FDEDD23C7BDDF00B7036B /* UDPBroadcastConnection.swift in Sources */,
				6D9FDEDC23C7BDDF00B7036B /* UDPBroadcastConnectionError.swift in Sources */,
				6D9FDEDF23C7C36E00B7036B /* API.swift in Sources */,
				6D9FDEC023C7B23A00B7036B /* SceneDelegate.swift in Sources */,
			);
			runOnlyForDeploymentPostprocessing = 0;
		};
/* End PBXSourcesBuildPhase section */

/* Begin PBXVariantGroup section */
		6D9FDEC323C7B23A00B7036B /* Main.storyboard */ = {
			isa = PBXVariantGroup;
			children = (
				6D9FDEC423C7B23A00B7036B /* Base */,
			);
			name = Main.storyboard;
			sourceTree = "<group>";
		};
		6D9FDEC823C7B23C00B7036B /* LaunchScreen.storyboard */ = {
			isa = PBXVariantGroup;
			children = (
				6D9FDEC923C7B23C00B7036B /* Base */,
			);
			name = LaunchScreen.storyboard;
			sourceTree = "<group>";
		};
/* End PBXVariantGroup section */

/* Begin XCBuildConfiguration section */
		6D9FDECC23C7B23C00B7036B /* Debug */ = {
			isa = XCBuildConfiguration;
			buildSettings = {
				ALWAYS_SEARCH_USER_PATHS = NO;
				CLANG_ANALYZER_NONNULL = YES;
				CLANG_ANALYZER_NUMBER_OBJECT_CONVERSION = YES_AGGRESSIVE;
				CLANG_CXX_LANGUAGE_STANDARD = "gnu++14";
				CLANG_CXX_LIBRARY = "libc++";
				CLANG_ENABLE_MODULES = YES;
				CLANG_ENABLE_OBJC_ARC = YES;
				CLANG_ENABLE_OBJC_WEAK = YES;
				CLANG_WARN_BLOCK_CAPTURE_AUTORELEASING = YES;
				CLANG_WARN_BOOL_CONVERSION = YES;
				CLANG_WARN_COMMA = YES;
				CLANG_WARN_CONSTANT_CONVERSION = YES;
				CLANG_WARN_DEPRECATED_OBJC_IMPLEMENTATIONS = YES;
				CLANG_WARN_DIRECT_OBJC_ISA_USAGE = YES_ERROR;
				CLANG_WARN_DOCUMENTATION_COMMENTS = YES;
				CLANG_WARN_EMPTY_BODY = YES;
				CLANG_WARN_ENUM_CONVERSION = YES;
				CLANG_WARN_INFINITE_RECURSION = YES;
				CLANG_WARN_INT_CONVERSION = YES;
				CLANG_WARN_NON_LITERAL_NULL_CONVERSION = YES;
				CLANG_WARN_OBJC_IMPLICIT_RETAIN_SELF = YES;
				CLANG_WARN_OBJC_LITERAL_CONVERSION = YES;
				CLANG_WARN_OBJC_ROOT_CLASS = YES_ERROR;
				CLANG_WARN_RANGE_LOOP_ANALYSIS = YES;
				CLANG_WARN_STRICT_PROTOTYPES = YES;
				CLANG_WARN_SUSPICIOUS_MOVE = YES;
				CLANG_WARN_UNGUARDED_AVAILABILITY = YES_AGGRESSIVE;
				CLANG_WARN_UNREACHABLE_CODE = YES;
				CLANG_WARN__DUPLICATE_METHOD_MATCH = YES;
				COPY_PHASE_STRIP = NO;
				DEBUG_INFORMATION_FORMAT = dwarf;
				ENABLE_STRICT_OBJC_MSGSEND = YES;
				ENABLE_TESTABILITY = YES;
				GCC_C_LANGUAGE_STANDARD = gnu11;
				GCC_DYNAMIC_NO_PIC = NO;
				GCC_NO_COMMON_BLOCKS = YES;
				GCC_OPTIMIZATION_LEVEL = 0;
				GCC_PREPROCESSOR_DEFINITIONS = (
					"DEBUG=1",
					"$(inherited)",
				);
				GCC_WARN_64_TO_32_BIT_CONVERSION = YES;
				GCC_WARN_ABOUT_RETURN_TYPE = YES_ERROR;
				GCC_WARN_UNDECLARED_SELECTOR = YES;
				GCC_WARN_UNINITIALIZED_AUTOS = YES_AGGRESSIVE;
				GCC_WARN_UNUSED_FUNCTION = YES;
				GCC_WARN_UNUSED_VARIABLE = YES;
				IPHONEOS_DEPLOYMENT_TARGET = 13.2;
				MTL_ENABLE_DEBUG_INFO = INCLUDE_SOURCE;
				MTL_FAST_MATH = YES;
				ONLY_ACTIVE_ARCH = YES;
				SDKROOT = iphoneos;
				SWIFT_ACTIVE_COMPILATION_CONDITIONS = DEBUG;
				SWIFT_OPTIMIZATION_LEVEL = "-Onone";
			};
			name = Debug;
		};
		6D9FDECD23C7B23C00B7036B /* Release */ = {
			isa = XCBuildConfiguration;
			buildSettings = {
				ALWAYS_SEARCH_USER_PATHS = NO;
				CLANG_ANALYZER_NONNULL = YES;
				CLANG_ANALYZER_NUMBER_OBJECT_CONVERSION = YES_AGGRESSIVE;
				CLANG_CXX_LANGUAGE_STANDARD = "gnu++14";
				CLANG_CXX_LIBRARY = "libc++";
				CLANG_ENABLE_MODULES = YES;
				CLANG_ENABLE_OBJC_ARC = YES;
				CLANG_ENABLE_OBJC_WEAK = YES;
				CLANG_WARN_BLOCK_CAPTURE_AUTORELEASING = YES;
				CLANG_WARN_BOOL_CONVERSION = YES;
				CLANG_WARN_COMMA = YES;
				CLANG_WARN_CONSTANT_CONVERSION = YES;
				CLANG_WARN_DEPRECATED_OBJC_IMPLEMENTATIONS = YES;
				CLANG_WARN_DIRECT_OBJC_ISA_USAGE = YES_ERROR;
				CLANG_WARN_DOCUMENTATION_COMMENTS = YES;
				CLANG_WARN_EMPTY_BODY = YES;
				CLANG_WARN_ENUM_CONVERSION = YES;
				CLANG_WARN_INFINITE_RECURSION = YES;
				CLANG_WARN_INT_CONVERSION = YES;
				CLANG_WARN_NON_LITERAL_NULL_CONVERSION = YES;
				CLANG_WARN_OBJC_IMPLICIT_RETAIN_SELF = YES;
				CLANG_WARN_OBJC_LITERAL_CONVERSION = YES;
				CLANG_WARN_OBJC_ROOT_CLASS = YES_ERROR;
				CLANG_WARN_RANGE_LOOP_ANALYSIS = YES;
				CLANG_WARN_STRICT_PROTOTYPES = YES;
				CLANG_WARN_SUSPICIOUS_MOVE = YES;
				CLANG_WARN_UNGUARDED_AVAILABILITY = YES_AGGRESSIVE;
				CLANG_WARN_UNREACHABLE_CODE = YES;
				CLANG_WARN__DUPLICATE_METHOD_MATCH = YES;
				COPY_PHASE_STRIP = NO;
				DEBUG_INFORMATION_FORMAT = "dwarf-with-dsym";
				ENABLE_NS_ASSERTIONS = NO;
				ENABLE_STRICT_OBJC_MSGSEND = YES;
				GCC_C_LANGUAGE_STANDARD = gnu11;
				GCC_NO_COMMON_BLOCKS = YES;
				GCC_WARN_64_TO_32_BIT_CONVERSION = YES;
				GCC_WARN_ABOUT_RETURN_TYPE = YES_ERROR;
				GCC_WARN_UNDECLARED_SELECTOR = YES;
				GCC_WARN_UNINITIALIZED_AUTOS = YES_AGGRESSIVE;
				GCC_WARN_UNUSED_FUNCTION = YES;
				GCC_WARN_UNUSED_VARIABLE = YES;
				IPHONEOS_DEPLOYMENT_TARGET = 13.2;
				MTL_ENABLE_DEBUG_INFO = NO;
				MTL_FAST_MATH = YES;
				SDKROOT = iphoneos;
				SWIFT_COMPILATION_MODE = wholemodule;
				SWIFT_OPTIMIZATION_LEVEL = "-O";
				VALIDATE_PRODUCT = YES;
			};
			name = Release;
		};
		6D9FDECF23C7B23C00B7036B /* Debug */ = {
			isa = XCBuildConfiguration;
			buildSettings = {
				ASSETCATALOG_COMPILER_APPICON_NAME = AppIcon;
				CODE_SIGN_STYLE = Automatic;
				DEVELOPMENT_TEAM = RXDLA8Y5J4;
				INFOPLIST_FILE = testApp/Info.plist;
				LD_RUNPATH_SEARCH_PATHS = (
					"$(inherited)",
					"@executable_path/Frameworks",
				);
				PRODUCT_BUNDLE_IDENTIFIER = us.g6.testapp.testApp;
				PRODUCT_NAME = "$(TARGET_NAME)";
				SWIFT_VERSION = 5.0;
				TARGETED_DEVICE_FAMILY = "1,2";
			};
			name = Debug;
		};
		6D9FDED023C7B23C00B7036B /* Release */ = {
			isa = XCBuildConfiguration;
			buildSettings = {
				ASSETCATALOG_COMPILER_APPICON_NAME = AppIcon;
				CODE_SIGN_STYLE = Automatic;
				DEVELOPMENT_TEAM = RXDLA8Y5J4;
				INFOPLIST_FILE = testApp/Info.plist;
				LD_RUNPATH_SEARCH_PATHS = (
					"$(inherited)",
					"@executable_path/Frameworks",
				);
				PRODUCT_BUNDLE_IDENTIFIER = us.g6.testapp.testApp;
				PRODUCT_NAME = "$(TARGET_NAME)";
				SWIFT_VERSION = 5.0;
				TARGETED_DEVICE_FAMILY = "1,2";
			};
			name = Release;
		};
/* End XCBuildConfiguration section */

/* Begin XCConfigurationList section */
		6D9FDEB523C7B23A00B7036B /* Build configuration list for PBXProject "testApp" */ = {
			isa = XCConfigurationList;
			buildConfigurations = (
				6D9FDECC23C7B23C00B7036B /* Debug */,
				6D9FDECD23C7B23C00B7036B /* Release */,
			);
			defaultConfigurationIsVisible = 0;
			defaultConfigurationName = Release;
		};
		6D9FDECE23C7B23C00B7036B /* Build configuration list for PBXNativeTarget "testApp" */ = {
			isa = XCConfigurationList;
			buildConfigurations = (
				6D9FDECF23C7B23C00B7036B /* Debug */,
				6D9FDED023C7B23C00B7036B /* Release */,
			);
			defaultConfigurationIsVisible = 0;
			defaultConfigurationName = Release;
		};
/* End XCConfigurationList section */

/* Begin XCRemoteSwiftPackageReference section */
		6D9FDEE023C7C87200B7036B /* XCRemoteSwiftPackageReference "SwiftHash" */ = {
			isa = XCRemoteSwiftPackageReference;
			repositoryURL = "https://github.com/onmyway133/SwiftHash.git";
			requirement = {
				branch = master;
				kind = branch;
			};
		};
		6D9FDEE323C7D59C00B7036B /* XCRemoteSwiftPackageReference "SDWebImage" */ = {
			isa = XCRemoteSwiftPackageReference;
			repositoryURL = "https://github.com/SDWebImage/SDWebImage.git";
			requirement = {
				branch = master;
				kind = branch;
			};
		};
/* End XCRemoteSwiftPackageReference section */

/* Begin XCSwiftPackageProductDependency section */
		6D9FDEE123C7C87200B7036B /* SwiftHash */ = {
			isa = XCSwiftPackageProductDependency;
			package = 6D9FDEE023C7C87200B7036B /* XCRemoteSwiftPackageReference "SwiftHash" */;
			productName = SwiftHash;
		};
		6D9FDEE423C7D59C00B7036B /* SDWebImage */ = {
			isa = XCSwiftPackageProductDependency;
			package = 6D9FDEE323C7D59C00B7036B /* XCRemoteSwiftPackageReference "SDWebImage" */;
			productName = SDWebImage;
		};
/* End XCSwiftPackageProductDependency section */
	};
	rootObject = 6D9FDEB223C7B23A00B7036B /* Project object */;
}
